Microsoft Visual Studio Solution File, Format Version 11.00
# Visual Studio 2008

Project("{F1702FFC-F69E-01A2-B132-191A4F21771A}") = "GameCG", "Assembly-CSharp-firstpass.csproj", "{C28103AA-EAAF-AA4C-E827-BF7BA00F8DB2}"
EndProject
Project("{F1702FFC-F69E-01A2-B132-191A4F21771A}") = "GameCG", "Assembly-CSharp.csproj", "{5C835033-3C97-C568-D242-3FABE4EE6000}"
EndProject
Project("{F1702FFC-F69E-01A2-B132-191A4F21771A}") = "GameCG", "Assembly-UnityScript-firstpass.unityproj", "{9D293AC5-9496-6759-A52D-4127620722E6}"
EndProject
Project("{F1702FFC-F69E-01A2-B132-191A4F21771A}") = "GameCG", "Assembly-UnityScript.unityproj", "{561CE8B7-A849-9749-23C3-7B6EA3F09E67}"
EndProject
Global
	GlobalSection(SolutionConfigurationPlatforms) = preSolution
		Debug|Any CPU = Debug|Any CPU
		Release|Any CPU = Release|Any CPU
	EndGlobalSection
	GlobalSection(ProjectConfigurationPlatforms) = postSolution
		{C28103AA-EAAF-AA4C-E827-BF7BA00F8DB2}.Debug|Any CPU.ActiveCfg = Debug|Any CPU
		{C28103AA-EAAF-AA4C-E827-BF7BA00F8DB2}.Debug|Any CPU.Build.0 = Debug|Any CPU
		{C28103AA-EAAF-AA4C-E827-BF7BA00F8DB2}.Release|Any CPU.ActiveCfg = Release|Any CPU
		{C28103AA-EAAF-AA4C-E827-BF7BA00F8DB2}.Release|Any CPU.Build.0 = Release|Any CPU
		{5C835033-3C97-C568-D242-3FABE4EE6000}.Debug|Any CPU.ActiveCfg = Debug|Any CPU
		{5C835033-3C97-C568-D242-3FABE4EE6000}.Debug|Any CPU.Build.0 = Debug|Any CPU
		{5C835033-3C97-C568-D242-3FABE4EE6000}.Release|Any CPU.ActiveCfg = Release|Any CPU
		{5C835033-3C97-C568-D242-3FABE4EE6000}.Release|Any CPU.Build.0 = Release|Any CPU
		{9D293AC5-9496-6759-A52D-4127620722E6}.Debug|Any CPU.ActiveCfg = Debug|Any CPU
		{9D293AC5-9496-6759-A52D-4127620722E6}.Debug|Any CPU.Build.0 = Debug|Any CPU
		{9D293AC5-9496-6759-A52D-4127620722E6}.Release|Any CPU.ActiveCfg = Release|Any CPU
		{9D293AC5-9496-6759-A52D-4127620722E6}.Release|Any CPU.Build.0 = Release|Any CPU
		{561CE8B7-A849-9749-23C3-7B6EA3F09E67}.Debug|Any CPU.ActiveCfg = Debug|Any CPU
		{561CE8B7-A849-9749-23C3-7B6EA3F09E67}.Debug|Any CPU.Build.0 = Debug|Any CPU
		{561CE8B7-A849-9749-23C3-7B6EA3F09E67}.Release|Any CPU.ActiveCfg = Release|Any CPU
		{561CE8B7-A849-9749-23C3-7B6EA3F09E67}.Release|Any CPU.Build.0 = Release|Any CPU
	EndGlobalSection
	GlobalSection(SolutionProperties) = preSolution
		HideSolutionNode = FALSE
	EndGlobalSection
																																																																	GlobalSection(MonoDevelopProperties) = preSolution
		StartupItem = Assembly-CSharp.csproj
		Policies = $0
		$0.TextStylePolicy = $1
		$1.inheritsSet = null
		$1.scope = text/x-csharp
		$0.CSharpFormattingPolicy = $2
		$2.inheritsSet = Mono
		$2.inheritsScope = text/x-csharp
		$2.scope = text/x-csharp
		$0.TextStylePolicy = $3
		$3.FileWidth = 120
		$3.TabWidth = 4
		$3.IndentWidth = 4
		$3.EolMarker = Unix
		$3.inheritsSet = Mono
		$3.inheritsScope = text/plain
		$3.scope = text/plain
	EndGlobalSection

EndGlobal
